
Microsoft Visual Studio Solution File, Format Version 12.00
# Visual Studio Version 16
VisualStudioVersion = 16.0.29609.76
MinimumVisualStudioVersion = 10.0.40219.1
Project("{9092AA53-FB77-4645-B42D-1CCCA6BD08BD}") = "Notificacoes", "Notificacoes.njsproj", "{1C497A45-CCF0-4D8A-B405-1AE9A30A0CAC}"
EndProject
Global
	GlobalSection(SolutionConfigurationPlatforms) = preSolution
		Debug|Any CPU = Debug|Any CPU
		Release|Any CPU = Release|Any CPU
	EndGlobalSection
	GlobalSection(ProjectConfigurationPlatforms) = postSolution
		{1C497A45-CCF0-4D8A-B405-1AE9A30A0CAC}.Debug|Any CPU.ActiveCfg = Debug|Any CPU
		{1C497A45-CCF0-4D8A-B405-1AE9A30A0CAC}.Debug|Any CPU.Build.0 = Debug|Any CPU
		{1C497A45-CCF0-4D8A-B405-1AE9A30A0CAC}.Release|Any CPU.ActiveCfg = Release|Any CPU
		{1C497A45-CCF0-4D8A-B405-1AE9A30A0CAC}.Release|Any CPU.Build.0 = Release|Any CPU
	EndGlobalSection
	GlobalSection(SolutionProperties) = preSolution
		HideSolutionNode = FALSE
	EndGlobalSection
	GlobalSection(ExtensibilityGlobals) = postSolution
		SolutionGuid = {2FDFD720-075F-4CB3-99FD-CFB4CDB7A4AA}
	EndGlobalSection
EndGlobal
